
Microsoft Visual Studio Solution File, Format Version 12.00
# Visual Studio Version 16
VisualStudioVersion = 16.0.31005.135
MinimumVisualStudioVersion = 10.0.40219.1
Project("{9A19103F-16F7-4668-BE54-9A1E7A4F7556}") = "WCIF_Dasboard", "WCIF_Dasboard\WCIF_Dasboard.csproj", "{F62072D1-66FC-47FF-BCD7-69FC992D936F}"
EndProject
Global
	GlobalSection(SolutionConfigurationPlatforms) = preSolution
		Debug|Any CPU = Debug|Any CPU
		Release|Any CPU = Release|Any CPU
	EndGlobalSection
	GlobalSection(ProjectConfigurationPlatforms) = postSolution
		{F62072D1-66FC-47FF-BCD7-69FC992D936F}.Debug|Any CPU.ActiveCfg = Debug|Any CPU
		{F62072D1-66FC-47FF-BCD7-69FC992D936F}.Debug|Any CPU.Build.0 = Debug|Any CPU
		{F62072D1-66FC-47FF-BCD7-69FC992D936F}.Release|Any CPU.ActiveCfg = Release|Any CPU
		{F62072D1-66FC-47FF-BCD7-69FC992D936F}.Release|Any CPU.Build.0 = Release|Any CPU
	EndGlobalSection
	GlobalSection(SolutionProperties) = preSolution
		HideSolutionNode = FALSE
	EndGlobalSection
	GlobalSection(ExtensibilityGlobals) = postSolution
		SolutionGuid = {DE0D4A73-8A30-4BB9-86DA-FCCAF9727A34}
	EndGlobalSection
EndGlobal
